
Microsoft Visual Studio Solution File, Format Version 12.00
# Visual Studio 15
VisualStudioVersion = 15.0.28010.2048
MinimumVisualStudioVersion = 10.0.40219.1
Project("{888888A0-9F3D-457C-B088-3A5042F75D52}") = "vs_python", "vs_python\vs_python.pyproj", "{FCB6F547-0CD6-4302-91E8-4A50FF53A5C3}"
EndProject
Global
	GlobalSection(SolutionConfigurationPlatforms) = preSolution
		Debug|Any CPU = Debug|Any CPU
		Release|Any CPU = Release|Any CPU
	EndGlobalSection
	GlobalSection(ProjectConfigurationPlatforms) = postSolution
		{FCB6F547-0CD6-4302-91E8-4A50FF53A5C3}.Debug|Any CPU.ActiveCfg = Debug|Any CPU
		{FCB6F547-0CD6-4302-91E8-4A50FF53A5C3}.Release|Any CPU.ActiveCfg = Release|Any CPU
	EndGlobalSection
	GlobalSection(SolutionProperties) = preSolution
		HideSolutionNode = FALSE
	EndGlobalSection
	GlobalSection(ExtensibilityGlobals) = postSolution
		SolutionGuid = {F4E86E70-9698-48FB-A72A-4B35C75C03C7}
	EndGlobalSection
EndGlobal
